
Microsoft Visual Studio Solution File, Format Version 12.00
# Visual Studio Version 17
VisualStudioVersion = 17.7.34003.232
MinimumVisualStudioVersion = 10.0.40219.1
Project("{FAE04EC0-301F-11D3-BF4B-00C04F79EFBC}") = "BooleanAssignment", "ThridProject\BooleanAssignment.csproj", "{68232F7D-A4C9-4EF9-B70A-C9CE22242EBE}"
EndProject
Project("{FAE04EC0-301F-11D3-BF4B-00C04F79EFBC}") = "CalculatorAssignment", "CalculatorAssignment\CalculatorAssignment.csproj", "{0DABE435-CF2C-421B-8E4D-AF2BA6FE2167}"
EndProject
Global
	GlobalSection(SolutionConfigurationPlatforms) = preSolution
		Debug|Any CPU = Debug|Any CPU
		Release|Any CPU = Release|Any CPU
	EndGlobalSection
	GlobalSection(ProjectConfigurationPlatforms) = postSolution
		{68232F7D-A4C9-4EF9-B70A-C9CE22242EBE}.Debug|Any CPU.ActiveCfg = Debug|Any CPU
		{68232F7D-A4C9-4EF9-B70A-C9CE22242EBE}.Debug|Any CPU.Build.0 = Debug|Any CPU
		{68232F7D-A4C9-4EF9-B70A-C9CE22242EBE}.Release|Any CPU.ActiveCfg = Release|Any CPU
		{68232F7D-A4C9-4EF9-B70A-C9CE22242EBE}.Release|Any CPU.Build.0 = Release|Any CPU
		{0DABE435-CF2C-421B-8E4D-AF2BA6FE2167}.Debug|Any CPU.ActiveCfg = Debug|Any CPU
		{0DABE435-CF2C-421B-8E4D-AF2BA6FE2167}.Debug|Any CPU.Build.0 = Debug|Any CPU
		{0DABE435-CF2C-421B-8E4D-AF2BA6FE2167}.Release|Any CPU.ActiveCfg = Release|Any CPU
		{0DABE435-CF2C-421B-8E4D-AF2BA6FE2167}.Release|Any CPU.Build.0 = Release|Any CPU
	EndGlobalSection
	GlobalSection(SolutionProperties) = preSolution
		HideSolutionNode = FALSE
	EndGlobalSection
	GlobalSection(ExtensibilityGlobals) = postSolution
		SolutionGuid = {2E026CA4-E8A3-4E20-81A7-285E451337CE}
	EndGlobalSection
EndGlobal
